
Microsoft Visual Studio Solution File, Format Version 12.00
# Visual Studio Version 17
VisualStudioVersion = 17.4.33213.308
MinimumVisualStudioVersion = 10.0.40219.1
Project("{FAE04EC0-301F-11D3-BF4B-00C04F79EFBC}") = "Sunburst", "Sunburst.csproj", "{B5BE18B9-B76A-4975-B119-D2F270C91E1E}"
EndProject
Global
	GlobalSection(SolutionConfigurationPlatforms) = preSolution
		Debug|Any CPU = Debug|Any CPU
		Release|Any CPU = Release|Any CPU
	EndGlobalSection
	GlobalSection(ProjectConfigurationPlatforms) = postSolution
		{B5BE18B9-B76A-4975-B119-D2F270C91E1E}.Debug|Any CPU.ActiveCfg = Debug|Any CPU
		{B5BE18B9-B76A-4975-B119-D2F270C91E1E}.Debug|Any CPU.Build.0 = Debug|Any CPU
		{B5BE18B9-B76A-4975-B119-D2F270C91E1E}.Release|Any CPU.ActiveCfg = Release|Any CPU
		{B5BE18B9-B76A-4975-B119-D2F270C91E1E}.Release|Any CPU.Build.0 = Release|Any CPU
	EndGlobalSection
	GlobalSection(SolutionProperties) = preSolution
		HideSolutionNode = FALSE
	EndGlobalSection
	GlobalSection(ExtensibilityGlobals) = postSolution
		SolutionGuid = {FE935E71-030F-4F9E-B8A5-F9B2201F18AD}
	EndGlobalSection
EndGlobal
